
Microsoft Visual Studio Solution File, Format Version 12.00
# Visual Studio Version 16
VisualStudioVersion = 16.0.28803.352
MinimumVisualStudioVersion = 10.0.40219.1
Project("{FAE04EC0-301F-11D3-BF4B-00C04F79EFBC}") = "UserDatabasRegistration", "UserDatabasRegistration\UserDatabasRegistration.csproj", "{FF27260A-B254-491B-A5BD-ED313E9FF8CB}"
EndProject
Global
	GlobalSection(SolutionConfigurationPlatforms) = preSolution
		Debug|Any CPU = Debug|Any CPU
		Release|Any CPU = Release|Any CPU
	EndGlobalSection
	GlobalSection(ProjectConfigurationPlatforms) = postSolution
		{FF27260A-B254-491B-A5BD-ED313E9FF8CB}.Debug|Any CPU.ActiveCfg = Debug|Any CPU
		{FF27260A-B254-491B-A5BD-ED313E9FF8CB}.Debug|Any CPU.Build.0 = Debug|Any CPU
		{FF27260A-B254-491B-A5BD-ED313E9FF8CB}.Release|Any CPU.ActiveCfg = Release|Any CPU
		{FF27260A-B254-491B-A5BD-ED313E9FF8CB}.Release|Any CPU.Build.0 = Release|Any CPU
	EndGlobalSection
	GlobalSection(SolutionProperties) = preSolution
		HideSolutionNode = FALSE
	EndGlobalSection
	GlobalSection(ExtensibilityGlobals) = postSolution
		SolutionGuid = {7967A775-9C7D-4FC0-8420-F029BD37BDF9}
	EndGlobalSection
EndGlobal
